
Microsoft Visual Studio Solution File, Format Version 12.00
# Visual Studio Version 16
VisualStudioVersion = 16.0.32126.315
MinimumVisualStudioVersion = 10.0.40219.1
Project("{9A19103F-16F7-4668-BE54-9A1E7A4F7556}") = "MovieWeb.Api", "MovieWeb.Api\MovieWeb.Api.csproj", "{7C08D199-85B6-451B-BF06-BB6861EB14E8}"
EndProject
Project("{9A19103F-16F7-4668-BE54-9A1E7A4F7556}") = "MovieWeb.Domain", "ActorsLibrary\MovieWeb.Domain.csproj", "{247E5991-45BF-4947-A88D-9AD92FE59A2A}"
EndProject
Project("{9A19103F-16F7-4668-BE54-9A1E7A4F7556}") = "MovieWeb.Database", "MovieWeb.Database\MovieWeb.Database.csproj", "{4DB20DBF-F620-4E57-AD32-57016286D4F7}"
EndProject
Project("{9A19103F-16F7-4668-BE54-9A1E7A4F7556}") = "MovieWebs.Services", "MovieWebs.Services\MovieWebs.Services.csproj", "{C5948C21-02AB-457A-BAC0-F274BDC5341A}"
EndProject
Project("{FAE04EC0-301F-11D3-BF4B-00C04F79EFBC}") = "MovieWeb.Client", "MovieWeb.Client\MovieWeb.Client.csproj", "{CC142F36-4D35-40EA-9247-D16618B07879}"
EndProject
Global
	GlobalSection(SolutionConfigurationPlatforms) = preSolution
		Debug|Any CPU = Debug|Any CPU
		Release|Any CPU = Release|Any CPU
	EndGlobalSection
	GlobalSection(ProjectConfigurationPlatforms) = postSolution
		{7C08D199-85B6-451B-BF06-BB6861EB14E8}.Debug|Any CPU.ActiveCfg = Debug|Any CPU
		{7C08D199-85B6-451B-BF06-BB6861EB14E8}.Debug|Any CPU.Build.0 = Debug|Any CPU
		{7C08D199-85B6-451B-BF06-BB6861EB14E8}.Release|Any CPU.ActiveCfg = Release|Any CPU
		{7C08D199-85B6-451B-BF06-BB6861EB14E8}.Release|Any CPU.Build.0 = Release|Any CPU
		{247E5991-45BF-4947-A88D-9AD92FE59A2A}.Debug|Any CPU.ActiveCfg = Debug|Any CPU
		{247E5991-45BF-4947-A88D-9AD92FE59A2A}.Debug|Any CPU.Build.0 = Debug|Any CPU
		{247E5991-45BF-4947-A88D-9AD92FE59A2A}.Release|Any CPU.ActiveCfg = Release|Any CPU
		{247E5991-45BF-4947-A88D-9AD92FE59A2A}.Release|Any CPU.Build.0 = Release|Any CPU
		{4DB20DBF-F620-4E57-AD32-57016286D4F7}.Debug|Any CPU.ActiveCfg = Debug|Any CPU
		{4DB20DBF-F620-4E57-AD32-57016286D4F7}.Debug|Any CPU.Build.0 = Debug|Any CPU
		{4DB20DBF-F620-4E57-AD32-57016286D4F7}.Release|Any CPU.ActiveCfg = Release|Any CPU
		{4DB20DBF-F620-4E57-AD32-57016286D4F7}.Release|Any CPU.Build.0 = Release|Any CPU
		{C5948C21-02AB-457A-BAC0-F274BDC5341A}.Debug|Any CPU.ActiveCfg = Debug|Any CPU
		{C5948C21-02AB-457A-BAC0-F274BDC5341A}.Debug|Any CPU.Build.0 = Debug|Any CPU
		{C5948C21-02AB-457A-BAC0-F274BDC5341A}.Release|Any CPU.ActiveCfg = Release|Any CPU
		{C5948C21-02AB-457A-BAC0-F274BDC5341A}.Release|Any CPU.Build.0 = Release|Any CPU
		{CC142F36-4D35-40EA-9247-D16618B07879}.Debug|Any CPU.ActiveCfg = Debug|Any CPU
		{CC142F36-4D35-40EA-9247-D16618B07879}.Debug|Any CPU.Build.0 = Debug|Any CPU
		{CC142F36-4D35-40EA-9247-D16618B07879}.Release|Any CPU.ActiveCfg = Release|Any CPU
		{CC142F36-4D35-40EA-9247-D16618B07879}.Release|Any CPU.Build.0 = Release|Any CPU
	EndGlobalSection
	GlobalSection(SolutionProperties) = preSolution
		HideSolutionNode = FALSE
	EndGlobalSection
	GlobalSection(ExtensibilityGlobals) = postSolution
		SolutionGuid = {C7DF3EB9-F6A4-4F3F-A12A-45B937A6861A}
	EndGlobalSection
EndGlobal
